
Microsoft Visual Studio Solution File, Format Version 12.00
# Visual Studio 15
VisualStudioVersion = 15.0.27428.2002
MinimumVisualStudioVersion = 10.0.40219.1
Project("{FAE04EC0-301F-11D3-BF4B-00C04F79EFBC}") = "Skrzynex", "Skrzynex\Skrzynex.csproj", "{49B1DF44-0AFA-4F65-83A8-D182439E6066}"
EndProject
Global
	GlobalSection(SolutionConfigurationPlatforms) = preSolution
		Debug|Any CPU = Debug|Any CPU
		Release|Any CPU = Release|Any CPU
	EndGlobalSection
	GlobalSection(ProjectConfigurationPlatforms) = postSolution
		{49B1DF44-0AFA-4F65-83A8-D182439E6066}.Debug|Any CPU.ActiveCfg = Debug|Any CPU
		{49B1DF44-0AFA-4F65-83A8-D182439E6066}.Debug|Any CPU.Build.0 = Debug|Any CPU
		{49B1DF44-0AFA-4F65-83A8-D182439E6066}.Release|Any CPU.ActiveCfg = Release|Any CPU
		{49B1DF44-0AFA-4F65-83A8-D182439E6066}.Release|Any CPU.Build.0 = Release|Any CPU
	EndGlobalSection
	GlobalSection(SolutionProperties) = preSolution
		HideSolutionNode = FALSE
	EndGlobalSection
	GlobalSection(ExtensibilityGlobals) = postSolution
		SolutionGuid = {D41799B4-890D-4849-8677-E372860E712D}
	EndGlobalSection
EndGlobal
